
Microsoft Visual Studio Solution File, Format Version 12.00
# Visual Studio Version 17
VisualStudioVersion = 17.11.35312.102
MinimumVisualStudioVersion = 10.0.40219.1
Project("{FAE04EC0-301F-11D3-BF4B-00C04F79EFBC}") = "Presentacion", "Presentacion\Presentacion.csproj", "{194CDD75-8BEA-4F15-97B5-9ABEE5B15A23}"
EndProject
Project("{FAE04EC0-301F-11D3-BF4B-00C04F79EFBC}") = "DBManager", "DBManager\DBManager.csproj", "{1070263B-9F54-4F5C-91F9-B7FF3AF8B0F1}"
EndProject
Project("{FAE04EC0-301F-11D3-BF4B-00C04F79EFBC}") = "dominio", "dominio\dominio.csproj", "{6D7DDB8A-AF1F-4C79-B74C-DBE65F0B4462}"
EndProject
Global
	GlobalSection(SolutionConfigurationPlatforms) = preSolution
		Debug|Any CPU = Debug|Any CPU
		Release|Any CPU = Release|Any CPU
	EndGlobalSection
	GlobalSection(ProjectConfigurationPlatforms) = postSolution
		{194CDD75-8BEA-4F15-97B5-9ABEE5B15A23}.Debug|Any CPU.ActiveCfg = Debug|Any CPU
		{194CDD75-8BEA-4F15-97B5-9ABEE5B15A23}.Debug|Any CPU.Build.0 = Debug|Any CPU
		{194CDD75-8BEA-4F15-97B5-9ABEE5B15A23}.Release|Any CPU.ActiveCfg = Release|Any CPU
		{194CDD75-8BEA-4F15-97B5-9ABEE5B15A23}.Release|Any CPU.Build.0 = Release|Any CPU
		{1070263B-9F54-4F5C-91F9-B7FF3AF8B0F1}.Debug|Any CPU.ActiveCfg = Debug|Any CPU
		{1070263B-9F54-4F5C-91F9-B7FF3AF8B0F1}.Debug|Any CPU.Build.0 = Debug|Any CPU
		{1070263B-9F54-4F5C-91F9-B7FF3AF8B0F1}.Release|Any CPU.ActiveCfg = Release|Any CPU
		{1070263B-9F54-4F5C-91F9-B7FF3AF8B0F1}.Release|Any CPU.Build.0 = Release|Any CPU
		{6D7DDB8A-AF1F-4C79-B74C-DBE65F0B4462}.Debug|Any CPU.ActiveCfg = Debug|Any CPU
		{6D7DDB8A-AF1F-4C79-B74C-DBE65F0B4462}.Debug|Any CPU.Build.0 = Debug|Any CPU
		{6D7DDB8A-AF1F-4C79-B74C-DBE65F0B4462}.Release|Any CPU.ActiveCfg = Release|Any CPU
		{6D7DDB8A-AF1F-4C79-B74C-DBE65F0B4462}.Release|Any CPU.Build.0 = Release|Any CPU
	EndGlobalSection
	GlobalSection(SolutionProperties) = preSolution
		HideSolutionNode = FALSE
	EndGlobalSection
	GlobalSection(ExtensibilityGlobals) = postSolution
		SolutionGuid = {BDB61A68-ED9A-4C26-BD97-AA2000199194}
	EndGlobalSection
EndGlobal
